
Microsoft Visual Studio Solution File, Format Version 12.00
# Visual Studio Version 17
VisualStudioVersion = 17.14.37216.2
MinimumVisualStudioVersion = 10.0.40219.1
Project("{FAE04EC0-301F-11D3-BF4B-00C04F79EFBC}") = "Orders.Api", "src\Orders.Api\Orders.Api\Orders.Api.csproj", "{B9FF9899-F921-4317-932C-4043AC15A4B0}"
EndProject
Project("{2150E333-8FDC-42A3-9474-1A3956D46DE8}") = "tests", "tests", "{0AB3BF05-4346-4AA6-1389-037BE0695223}"
EndProject
Project("{FAE04EC0-301F-11D3-BF4B-00C04F79EFBC}") = "Orders.Api.Tests", "tests\Orders.Api.Tests\Orders.Api.Tests.csproj", "{735C4E32-E25E-4DF4-9FFB-4978B88C9FE7}"
EndProject
Global
	GlobalSection(SolutionConfigurationPlatforms) = preSolution
		Debug|Any CPU = Debug|Any CPU
		Debug|x64 = Debug|x64
		Debug|x86 = Debug|x86
		Release|Any CPU = Release|Any CPU
		Release|x64 = Release|x64
		Release|x86 = Release|x86
	EndGlobalSection
	GlobalSection(ProjectConfigurationPlatforms) = postSolution
		{B9FF9899-F921-4317-932C-4043AC15A4B0}.Debug|Any CPU.ActiveCfg = Debug|Any CPU
		{B9FF9899-F921-4317-932C-4043AC15A4B0}.Debug|Any CPU.Build.0 = Debug|Any CPU
		{B9FF9899-F921-4317-932C-4043AC15A4B0}.Debug|x64.ActiveCfg = Debug|Any CPU
		{B9FF9899-F921-4317-932C-4043AC15A4B0}.Debug|x64.Build.0 = Debug|Any CPU
		{B9FF9899-F921-4317-932C-4043AC15A4B0}.Debug|x86.ActiveCfg = Debug|Any CPU
		{B9FF9899-F921-4317-932C-4043AC15A4B0}.Debug|x86.Build.0 = Debug|Any CPU
		{B9FF9899-F921-4317-932C-4043AC15A4B0}.Release|Any CPU.ActiveCfg = Release|Any CPU
		{B9FF9899-F921-4317-932C-4043AC15A4B0}.Release|Any CPU.Build.0 = Release|Any CPU
		{B9FF9899-F921-4317-932C-4043AC15A4B0}.Release|x64.ActiveCfg = Release|Any CPU
		{B9FF9899-F921-4317-932C-4043AC15A4B0}.Release|x64.Build.0 = Release|Any CPU
		{B9FF9899-F921-4317-932C-4043AC15A4B0}.Release|x86.ActiveCfg = Release|Any CPU
		{B9FF9899-F921-4317-932C-4043AC15A4B0}.Release|x86.Build.0 = Release|Any CPU
		{735C4E32-E25E-4DF4-9FFB-4978B88C9FE7}.Debug|Any CPU.ActiveCfg = Debug|Any CPU
		{735C4E32-E25E-4DF4-9FFB-4978B88C9FE7}.Debug|Any CPU.Build.0 = Debug|Any CPU
		{735C4E32-E25E-4DF4-9FFB-4978B88C9FE7}.Debug|x64.ActiveCfg = Debug|Any CPU
		{735C4E32-E25E-4DF4-9FFB-4978B88C9FE7}.Debug|x64.Build.0 = Debug|Any CPU
		{735C4E32-E25E-4DF4-9FFB-4978B88C9FE7}.Debug|x86.ActiveCfg = Debug|Any CPU
		{735C4E32-E25E-4DF4-9FFB-4978B88C9FE7}.Debug|x86.Build.0 = Debug|Any CPU
		{735C4E32-E25E-4DF4-9FFB-4978B88C9FE7}.Release|Any CPU.ActiveCfg = Release|Any CPU
		{735C4E32-E25E-4DF4-9FFB-4978B88C9FE7}.Release|Any CPU.Build.0 = Release|Any CPU
		{735C4E32-E25E-4DF4-9FFB-4978B88C9FE7}.Release|x64.ActiveCfg = Release|Any CPU
		{735C4E32-E25E-4DF4-9FFB-4978B88C9FE7}.Release|x64.Build.0 = Release|Any CPU
		{735C4E32-E25E-4DF4-9FFB-4978B88C9FE7}.Release|x86.ActiveCfg = Release|Any CPU
		{735C4E32-E25E-4DF4-9FFB-4978B88C9FE7}.Release|x86.Build.0 = Release|Any CPU
	EndGlobalSection
	GlobalSection(SolutionProperties) = preSolution
		HideSolutionNode = FALSE
	EndGlobalSection
	GlobalSection(NestedProjects) = preSolution
		{735C4E32-E25E-4DF4-9FFB-4978B88C9FE7} = {0AB3BF05-4346-4AA6-1389-037BE0695223}
	EndGlobalSection
	GlobalSection(ExtensibilityGlobals) = postSolution
		SolutionGuid = {77BAC2F9-5443-46DE-A9E9-9DEB55A5DA22}
	EndGlobalSection
EndGlobal
